// !$*UTF8*$!
{
	archiveVersion = 1;
	classes = {
	};
	objectVersion = 56;
	objects = {

/* Begin PBXBuildFile section */
		AAD3D5D72D1C911300A5A54F /* AppDelegate.swift in Sources */ = {isa = PBXBuildFile; fileRef = AAD3D5D62D1C911300A5A54F /* AppDelegate.swift */; };
		AAD3D5D92D1C911300A5A54F /* SceneDelegate.swift in Sources */ = {isa = PBXBuildFile; fileRef = AAD3D5D82D1C911300A5A54F /* SceneDelegate.swift */; };
		AAD3D5DE2D1C911300A5A54F /* Main.storyboard in Resources */ = {isa = PBXBuildFile; fileRef = AAD3D5DC2D1C911300A5A54F /* Main.storyboard */; };
		AAD3D5E02D1C911500A5A54F /* Assets.xcassets in Resources */ = {isa = PBXBuildFile; fileRef = AAD3D5DF2D1C911500A5A54F /* Assets.xcassets */; };
		AAD3D5E32D1C911500A5A54F /* LaunchScreen.storyboard in Resources */ = {isa = PBXBuildFile; fileRef = AAD3D5E12D1C911500A5A54F /* LaunchScreen.storyboard */; };
		AAD3D5ED2D1C936400A5A54F /* Helper.swift in Sources */ = {isa = PBXBuildFile; fileRef = AAD3D5EB2D1C936400A5A54F /* Helper.swift */; };
		AAD3D5EE2D1C936400A5A54F /* iOSDropDown.swift in Sources */ = {isa = PBXBuildFile; fileRef = AAD3D5EC2D1C936400A5A54F /* iOSDropDown.swift */; };
		AAF296E62D248D1B00109B88 /* DashboardViewController.swift in Sources */ = {isa = PBXBuildFile; fileRef = AAF296E52D248D1B00109B88 /* DashboardViewController.swift */; };
		AAF296EC2D24966E00109B88 /* SideMenuTableViewCell.swift in Sources */ = {isa = PBXBuildFile; fileRef = AAF296E82D24966E00109B88 /* SideMenuTableViewCell.swift */; };
		AAF296ED2D24966E00109B88 /* AboutusViewController.swift in Sources */ = {isa = PBXBuildFile; fileRef = AAF296E92D24966E00109B88 /* AboutusViewController.swift */; };
		AAF296EE2D24966E00109B88 /* FeedbackViewController.swift in Sources */ = {isa = PBXBuildFile; fileRef = AAF296EA2D24966E00109B88 /* FeedbackViewController.swift */; };
		AAF296EF2D24966E00109B88 /* SettingsViewController.swift in Sources */ = {isa = PBXBuildFile; fileRef = AAF296EB2D24966E00109B88 /* SettingsViewController.swift */; };
		AAF321C92D22DA7E00616C06 /* WelcomeViewController.swift in Sources */ = {isa = PBXBuildFile; fileRef = AAF321C82D22DA7E00616C06 /* WelcomeViewController.swift */; };
		AAF321CB2D22DC4C00616C06 /* TabbarViewController.swift in Sources */ = {isa = PBXBuildFile; fileRef = AAF321CA2D22DC4C00616C06 /* TabbarViewController.swift */; };
		AAF321D02D22DCE200616C06 /* AddProductsViewController.swift in Sources */ = {isa = PBXBuildFile; fileRef = AAF321CF2D22DCE200616C06 /* AddProductsViewController.swift */; };
		AAF321D22D22E28D00616C06 /* ProductsViewViewController.swift in Sources */ = {isa = PBXBuildFile; fileRef = AAF321D12D22E28D00616C06 /* ProductsViewViewController.swift */; };
		AAF321D42D22E2AC00616C06 /* productsTableViewCell.swift in Sources */ = {isa = PBXBuildFile; fileRef = AAF321D32D22E2AB00616C06 /* productsTableViewCell.swift */; };
		AAF570662D233B970058A807 /* CustomerListViewController.swift in Sources */ = {isa = PBXBuildFile; fileRef = AAF570652D233B970058A807 /* CustomerListViewController.swift */; };
		AAF570682D233BAD0058A807 /* AddCustomerViewController.swift in Sources */ = {isa = PBXBuildFile; fileRef = AAF570672D233BAD0058A807 /* AddCustomerViewController.swift */; };
		AAF5706A2D233BCA0058A807 /* customerTableViewCell.swift in Sources */ = {isa = PBXBuildFile; fileRef = AAF570692D233BCA0058A807 /* customerTableViewCell.swift */; };
		AAF5706D2D233FC30058A807 /* AddSaleViewController.swift in Sources */ = {isa = PBXBuildFile; fileRef = AAF5706C2D233FC30058A807 /* AddSaleViewController.swift */; };
		AAF5706F2D233FD60058A807 /* SaleListViewController.swift in Sources */ = {isa = PBXBuildFile; fileRef = AAF5706E2D233FD60058A807 /* SaleListViewController.swift */; };
		AAF570712D233FEB0058A807 /* salesTableViewCell.swift in Sources */ = {isa = PBXBuildFile; fileRef = AAF570702D233FEB0058A807 /* salesTableViewCell.swift */; };
		E44A31F25E6A143E76A76081 /* Pods_ConectStote_POS.framework in Frameworks */ = {isa = PBXBuildFile; fileRef = 67EA9E2F60B637B6D3B33623 /* Pods_ConectStote_POS.framework */; };
/* End PBXBuildFile section */

/* Begin PBXFileReference section */
		04415603DFC9C052342A7C1F /* Pods-ConectStote POS.debug.xcconfig */ = {isa = PBXFileReference; includeInIndex = 1; lastKnownFileType = text.xcconfig; name = "Pods-ConectStote POS.debug.xcconfig"; path = "Target Support Files/Pods-ConectStote POS/Pods-ConectStote POS.debug.xcconfig"; sourceTree = "<group>"; };
		616D8AB73E992743B49EE498 /* Pods-ConectStote POS.release.xcconfig */ = {isa = PBXFileReference; includeInIndex = 1; lastKnownFileType = text.xcconfig; name = "Pods-ConectStote POS.release.xcconfig"; path = "Target Support Files/Pods-ConectStote POS/Pods-ConectStote POS.release.xcconfig"; sourceTree = "<group>"; };
		67EA9E2F60B637B6D3B33623 /* Pods_ConectStote_POS.framework */ = {isa = PBXFileReference; explicitFileType = wrapper.framework; includeInIndex = 0; path = Pods_ConectStote_POS.framework; sourceTree = BUILT_PRODUCTS_DIR; };
		AAD3D5D32D1C911300A5A54F /* ConectStote POS.app */ = {isa = PBXFileReference; explicitFileType = wrapper.application; includeInIndex = 0; path = "ConectStote POS.app"; sourceTree = BUILT_PRODUCTS_DIR; };
		AAD3D5D62D1C911300A5A54F /* AppDelegate.swift */ = {isa = PBXFileReference; lastKnownFileType = sourcecode.swift; path = AppDelegate.swift; sourceTree = "<group>"; };
		AAD3D5D82D1C911300A5A54F /* SceneDelegate.swift */ = {isa = PBXFileReference; lastKnownFileType = sourcecode.swift; path = SceneDelegate.swift; sourceTree = "<group>"; };
		AAD3D5DD2D1C911300A5A54F /* Base */ = {isa = PBXFileReference; lastKnownFileType = file.storyboard; name = Base; path = Base.lproj/Main.storyboard; sourceTree = "<group>"; };
		AAD3D5DF2D1C911500A5A54F /* Assets.xcassets */ = {isa = PBXFileReference; lastKnownFileType = folder.assetcatalog; path = Assets.xcassets; sourceTree = "<group>"; };
		AAD3D5E22D1C911500A5A54F /* Base */ = {isa = PBXFileReference; lastKnownFileType = file.storyboard; name = Base; path = Base.lproj/LaunchScreen.storyboard; sourceTree = "<group>"; };
		AAD3D5E42D1C911500A5A54F /* Info.plist */ = {isa = PBXFileReference; lastKnownFileType = text.plist.xml; path = Info.plist; sourceTree = "<group>"; };
		AAD3D5EB2D1C936400A5A54F /* Helper.swift */ = {isa = PBXFileReference; fileEncoding = 4; lastKnownFileType = sourcecode.swift; path = Helper.swift; sourceTree = "<group>"; };
		AAD3D5EC2D1C936400A5A54F /* iOSDropDown.swift */ = {isa = PBXFileReference; fileEncoding = 4; lastKnownFileType = sourcecode.swift; path = iOSDropDown.swift; sourceTree = "<group>"; };
		AAF296E52D248D1B00109B88 /* DashboardViewController.swift */ = {isa = PBXFileReference; lastKnownFileType = sourcecode.swift; path = DashboardViewController.swift; sourceTree = "<group>"; };
		AAF296E82D24966E00109B88 /* SideMenuTableViewCell.swift */ = {isa = PBXFileReference; fileEncoding = 4; lastKnownFileType = sourcecode.swift; path = SideMenuTableViewCell.swift; sourceTree = "<group>"; };
		AAF296E92D24966E00109B88 /* AboutusViewController.swift */ = {isa = PBXFileReference; fileEncoding = 4; lastKnownFileType = sourcecode.swift; path = AboutusViewController.swift; sourceTree = "<group>"; };
		AAF296EA2D24966E00109B88 /* FeedbackViewController.swift */ = {isa = PBXFileReference; fileEncoding = 4; lastKnownFileType = sourcecode.swift; path = FeedbackViewController.swift; sourceTree = "<group>"; };
		AAF296EB2D24966E00109B88 /* SettingsViewController.swift */ = {isa = PBXFileReference; fileEncoding = 4; lastKnownFileType = sourcecode.swift; path = SettingsViewController.swift; sourceTree = "<group>"; };
		AAF321C82D22DA7E00616C06 /* WelcomeViewController.swift */ = {isa = PBXFileReference; lastKnownFileType = sourcecode.swift; path = WelcomeViewController.swift; sourceTree = "<group>"; };
		AAF321CA2D22DC4C00616C06 /* TabbarViewController.swift */ = {isa = PBXFileReference; lastKnownFileType = sourcecode.swift; path = TabbarViewController.swift; sourceTree = "<group>"; };
		AAF321CF2D22DCE200616C06 /* AddProductsViewController.swift */ = {isa = PBXFileReference; lastKnownFileType = sourcecode.swift; path = AddProductsViewController.swift; sourceTree = "<group>"; };
		AAF321D12D22E28D00616C06 /* ProductsViewViewController.swift */ = {isa = PBXFileReference; lastKnownFileType = sourcecode.swift; path = ProductsViewViewController.swift; sourceTree = "<group>"; };
		AAF321D32D22E2AB00616C06 /* productsTableViewCell.swift */ = {isa = PBXFileReference; lastKnownFileType = sourcecode.swift; path = productsTableViewCell.swift; sourceTree = "<group>"; };
		AAF570652D233B970058A807 /* CustomerListViewController.swift */ = {isa = PBXFileReference; lastKnownFileType = sourcecode.swift; path = CustomerListViewController.swift; sourceTree = "<group>"; };
		AAF570672D233BAD0058A807 /* AddCustomerViewController.swift */ = {isa = PBXFileReference; lastKnownFileType = sourcecode.swift; path = AddCustomerViewController.swift; sourceTree = "<group>"; };
		AAF570692D233BCA0058A807 /* customerTableViewCell.swift */ = {isa = PBXFileReference; lastKnownFileType = sourcecode.swift; path = customerTableViewCell.swift; sourceTree = "<group>"; };
		AAF5706C2D233FC30058A807 /* AddSaleViewController.swift */ = {isa = PBXFileReference; lastKnownFileType = sourcecode.swift; path = AddSaleViewController.swift; sourceTree = "<group>"; };
		AAF5706E2D233FD60058A807 /* SaleListViewController.swift */ = {isa = PBXFileReference; lastKnownFileType = sourcecode.swift; path = SaleListViewController.swift; sourceTree = "<group>"; };
		AAF570702D233FEB0058A807 /* salesTableViewCell.swift */ = {isa = PBXFileReference; lastKnownFileType = sourcecode.swift; path = salesTableViewCell.swift; sourceTree = "<group>"; };
/* End PBXFileReference section */

/* Begin PBXFrameworksBuildPhase section */
		AAD3D5D02D1C911300A5A54F /* Frameworks */ = {
			isa = PBXFrameworksBuildPhase;
			buildActionMask = 2147483647;
			files = (
				E44A31F25E6A143E76A76081 /* Pods_ConectStote_POS.framework in Frameworks */,
			);
			runOnlyForDeploymentPostprocessing = 0;
		};
/* End PBXFrameworksBuildPhase section */

/* Begin PBXGroup section */
		5B398EC03DF334990F66E752 /* Pods */ = {
			isa = PBXGroup;
			children = (
				04415603DFC9C052342A7C1F /* Pods-ConectStote POS.debug.xcconfig */,
				616D8AB73E992743B49EE498 /* Pods-ConectStote POS.release.xcconfig */,
			);
			path = Pods;
			sourceTree = "<group>";
		};
		AAD3D5CA2D1C911300A5A54F = {
			isa = PBXGroup;
			children = (
				AAD3D5D52D1C911300A5A54F /* ConectStote POS */,
				AAD3D5D42D1C911300A5A54F /* Products */,
				5B398EC03DF334990F66E752 /* Pods */,
				D6351BDB87CA3FD50A58A78D /* Frameworks */,
			);
			sourceTree = "<group>";
		};
		AAD3D5D42D1C911300A5A54F /* Products */ = {
			isa = PBXGroup;
			children = (
				AAD3D5D32D1C911300A5A54F /* ConectStote POS.app */,
			);
			name = Products;
			sourceTree = "<group>";
		};
		AAD3D5D52D1C911300A5A54F /* ConectStote POS */ = {
			isa = PBXGroup;
			children = (
				AAF296E72D24962F00109B88 /* Settings */,
				AAF296E42D248D0700109B88 /* Dashboard */,
				AAF5706B2D233FA10058A807 /* Add sale */,
				AAF570642D233B7D0058A807 /* Customer */,
				AAF321CE2D22DCD300616C06 /* Products */,
				AAF321CD2D22DC5600616C06 /* Tabbar */,
				AAF321CC2D22DC5000616C06 /* Welcime */,
				AAD3D5EA2D1C931200A5A54F /* Helper */,
				AAD3D5D62D1C911300A5A54F /* AppDelegate.swift */,
				AAD3D5D82D1C911300A5A54F /* SceneDelegate.swift */,
				AAD3D5DC2D1C911300A5A54F /* Main.storyboard */,
				AAD3D5DF2D1C911500A5A54F /* Assets.xcassets */,
				AAD3D5E12D1C911500A5A54F /* LaunchScreen.storyboard */,
				AAD3D5E42D1C911500A5A54F /* Info.plist */,
			);
			path = "ConectStote POS";
			sourceTree = "<group>";
		};
		AAD3D5EA2D1C931200A5A54F /* Helper */ = {
			isa = PBXGroup;
			children = (
				AAD3D5EB2D1C936400A5A54F /* Helper.swift */,
				AAD3D5EC2D1C936400A5A54F /* iOSDropDown.swift */,
			);
			path = Helper;
			sourceTree = "<group>";
		};
		AAF296E42D248D0700109B88 /* Dashboard */ = {
			isa = PBXGroup;
			children = (
				AAF296E52D248D1B00109B88 /* DashboardViewController.swift */,
			);
			path = Dashboard;
			sourceTree = "<group>";
		};
		AAF296E72D24962F00109B88 /* Settings */ = {
			isa = PBXGroup;
			children = (
				AAF296E92D24966E00109B88 /* AboutusViewController.swift */,
				AAF296EA2D24966E00109B88 /* FeedbackViewController.swift */,
				AAF296EB2D24966E00109B88 /* SettingsViewController.swift */,
				AAF296E82D24966E00109B88 /* SideMenuTableViewCell.swift */,
			);
			path = Settings;
			sourceTree = "<group>";
		};
		AAF321CC2D22DC5000616C06 /* Welcime */ = {
			isa = PBXGroup;
			children = (
				AAF321C82D22DA7E00616C06 /* WelcomeViewController.swift */,
			);
			path = Welcime;
			sourceTree = "<group>";
		};
		AAF321CD2D22DC5600616C06 /* Tabbar */ = {
			isa = PBXGroup;
			children = (
				AAF321CA2D22DC4C00616C06 /* TabbarViewController.swift */,
			);
			path = Tabbar;
			sourceTree = "<group>";
		};
		AAF321CE2D22DCD300616C06 /* Products */ = {
			isa = PBXGroup;
			children = (
				AAF321CF2D22DCE200616C06 /* AddProductsViewController.swift */,
				AAF321D12D22E28D00616C06 /* ProductsViewViewController.swift */,
				AAF321D32D22E2AB00616C06 /* productsTableViewCell.swift */,
			);
			path = Products;
			sourceTree = "<group>";
		};
		AAF570642D233B7D0058A807 /* Customer */ = {
			isa = PBXGroup;
			children = (
				AAF570652D233B970058A807 /* CustomerListViewController.swift */,
				AAF570672D233BAD0058A807 /* AddCustomerViewController.swift */,
				AAF570692D233BCA0058A807 /* customerTableViewCell.swift */,
			);
			path = Customer;
			sourceTree = "<group>";
		};
		AAF5706B2D233FA10058A807 /* Add sale */ = {
			isa = PBXGroup;
			children = (
				AAF5706C2D233FC30058A807 /* AddSaleViewController.swift */,
				AAF5706E2D233FD60058A807 /* SaleListViewController.swift */,
				AAF570702D233FEB0058A807 /* salesTableViewCell.swift */,
			);
			path = "Add sale";
			sourceTree = "<group>";
		};
		D6351BDB87CA3FD50A58A78D /* Frameworks */ = {
			isa = PBXGroup;
			children = (
				67EA9E2F60B637B6D3B33623 /* Pods_ConectStote_POS.framework */,
			);
			name = Frameworks;
			sourceTree = "<group>";
		};
/* End PBXGroup section */

/* Begin PBXNativeTarget section */
		AAD3D5D22D1C911300A5A54F /* ConectStote POS */ = {
			isa = PBXNativeTarget;
			buildConfigurationList = AAD3D5E72D1C911500A5A54F /* Build configuration list for PBXNativeTarget "ConectStote POS" */;
			buildPhases = (
				C32243C34C5A62FFD7FEEC1E /* [CP] Check Pods Manifest.lock */,
				AAD3D5CF2D1C911300A5A54F /* Sources */,
				AAD3D5D02D1C911300A5A54F /* Frameworks */,
				AAD3D5D12D1C911300A5A54F /* Resources */,
				E3E744D267A184CFBF68E6AA /* [CP] Embed Pods Frameworks */,
			);
			buildRules = (
			);
			dependencies = (
			);
			name = "ConectStote POS";
			productName = "ConectStote POS";
			productReference = AAD3D5D32D1C911300A5A54F /* ConectStote POS.app */;
			productType = "com.apple.product-type.application";
		};
/* End PBXNativeTarget section */

/* Begin PBXProject section */
		AAD3D5CB2D1C911300A5A54F /* Project object */ = {
			isa = PBXProject;
			attributes = {
				BuildIndependentTargetsInParallel = 1;
				LastSwiftUpdateCheck = 1520;
				LastUpgradeCheck = 1520;
				TargetAttributes = {
					AAD3D5D22D1C911300A5A54F = {
						CreatedOnToolsVersion = 15.2;
					};
				};
			};
			buildConfigurationList = AAD3D5CE2D1C911300A5A54F /* Build configuration list for PBXProject "ConectStote POS" */;
			compatibilityVersion = "Xcode 14.0";
			developmentRegion = en;
			hasScannedForEncodings = 0;
			knownRegions = (
				en,
				Base,
			);
			mainGroup = AAD3D5CA2D1C911300A5A54F;
			productRefGroup = AAD3D5D42D1C911300A5A54F /* Products */;
			projectDirPath = "";
			projectRoot = "";
			targets = (
				AAD3D5D22D1C911300A5A54F /* ConectStote POS */,
			);
		};
/* End PBXProject section */

/* Begin PBXResourcesBuildPhase section */
		AAD3D5D12D1C911300A5A54F /* Resources */ = {
			isa = PBXResourcesBuildPhase;
			buildActionMask = 2147483647;
			files = (
				AAD3D5E32D1C911500A5A54F /* LaunchScreen.storyboard in Resources */,
				AAD3D5E02D1C911500A5A54F /* Assets.xcassets in Resources */,
				AAD3D5DE2D1C911300A5A54F /* Main.storyboard in Resources */,
			);
			runOnlyForDeploymentPostprocessing = 0;
		};
/* End PBXResourcesBuildPhase section */

/* Begin PBXShellScriptBuildPhase section */
		C32243C34C5A62FFD7FEEC1E /* [CP] Check Pods Manifest.lock */ = {
			isa = PBXShellScriptBuildPhase;
			buildActionMask = 2147483647;
			files = (
			);
			inputFileListPaths = (
			);
			inputPaths = (
				"${PODS_PODFILE_DIR_PATH}/Podfile.lock",
				"${PODS_ROOT}/Manifest.lock",
			);
			name = "[CP] Check Pods Manifest.lock";
			outputFileListPaths = (
			);
			outputPaths = (
				"$(DERIVED_FILE_DIR)/Pods-ConectStote POS-checkManifestLockResult.txt",
			);
			runOnlyForDeploymentPostprocessing = 0;
			shellPath = /bin/sh;
			shellScript = "diff \"${PODS_PODFILE_DIR_PATH}/Podfile.lock\" \"${PODS_ROOT}/Manifest.lock\" > /dev/null\nif [ $? != 0 ] ; then\n    # print error to STDERR\n    echo \"error: The sandbox is not in sync with the Podfile.lock. Run 'pod install' or update your CocoaPods installation.\" >&2\n    exit 1\nfi\n# This output is used by Xcode 'outputs' to avoid re-running this script phase.\necho \"SUCCESS\" > \"${SCRIPT_OUTPUT_FILE_0}\"\n";
			showEnvVarsInLog = 0;
		};
		E3E744D267A184CFBF68E6AA /* [CP] Embed Pods Frameworks */ = {
			isa = PBXShellScriptBuildPhase;
			buildActionMask = 2147483647;
			files = (
			);
			inputFileListPaths = (
				"${PODS_ROOT}/Target Support Files/Pods-ConectStote POS/Pods-ConectStote POS-frameworks-${CONFIGURATION}-input-files.xcfilelist",
			);
			name = "[CP] Embed Pods Frameworks";
			outputFileListPaths = (
				"${PODS_ROOT}/Target Support Files/Pods-ConectStote POS/Pods-ConectStote POS-frameworks-${CONFIGURATION}-output-files.xcfilelist",
			);
			runOnlyForDeploymentPostprocessing = 0;
			shellPath = /bin/sh;
			shellScript = "\"${PODS_ROOT}/Target Support Files/Pods-ConectStote POS/Pods-ConectStote POS-frameworks.sh\"\n";
			showEnvVarsInLog = 0;
		};
/* End PBXShellScriptBuildPhase section */

/* Begin PBXSourcesBuildPhase section */
		AAD3D5CF2D1C911300A5A54F /* Sources */ = {
			isa = PBXSourcesBuildPhase;
			buildActionMask = 2147483647;
			files = (
				AAF321D02D22DCE200616C06 /* AddProductsViewController.swift in Sources */,
				AAF570682D233BAD0058A807 /* AddCustomerViewController.swift in Sources */,
				AAD3D5EE2D1C936400A5A54F /* iOSDropDown.swift in Sources */,
				AAF296EF2D24966E00109B88 /* SettingsViewController.swift in Sources */,
				AAF296EE2D24966E00109B88 /* FeedbackViewController.swift in Sources */,
				AAF570662D233B970058A807 /* CustomerListViewController.swift in Sources */,
				AAF321D22D22E28D00616C06 /* ProductsViewViewController.swift in Sources */,
				AAF5706F2D233FD60058A807 /* SaleListViewController.swift in Sources */,
				AAF321C92D22DA7E00616C06 /* WelcomeViewController.swift in Sources */,
				AAF321CB2D22DC4C00616C06 /* TabbarViewController.swift in Sources */,
				AAF5706A2D233BCA0058A807 /* customerTableViewCell.swift in Sources */,
				AAF570712D233FEB0058A807 /* salesTableViewCell.swift in Sources */,
				AAF296EC2D24966E00109B88 /* SideMenuTableViewCell.swift in Sources */,
				AAD3D5D72D1C911300A5A54F /* AppDelegate.swift in Sources */,
				AAF296ED2D24966E00109B88 /* AboutusViewController.swift in Sources */,
				AAD3D5D92D1C911300A5A54F /* SceneDelegate.swift in Sources */,
				AAD3D5ED2D1C936400A5A54F /* Helper.swift in Sources */,
				AAF5706D2D233FC30058A807 /* AddSaleViewController.swift in Sources */,
				AAF321D42D22E2AC00616C06 /* productsTableViewCell.swift in Sources */,
				AAF296E62D248D1B00109B88 /* DashboardViewController.swift in Sources */,
			);
			runOnlyForDeploymentPostprocessing = 0;
		};
/* End PBXSourcesBuildPhase section */

/* Begin PBXVariantGroup section */
		AAD3D5DC2D1C911300A5A54F /* Main.storyboard */ = {
			isa = PBXVariantGroup;
			children = (
				AAD3D5DD2D1C911300A5A54F /* Base */,
			);
			name = Main.storyboard;
			sourceTree = "<group>";
		};
		AAD3D5E12D1C911500A5A54F /* LaunchScreen.storyboard */ = {
			isa = PBXVariantGroup;
			children = (
				AAD3D5E22D1C911500A5A54F /* Base */,
			);
			name = LaunchScreen.storyboard;
			sourceTree = "<group>";
		};
/* End PBXVariantGroup section */

/* Begin XCBuildConfiguration section */
		AAD3D5E52D1C911500A5A54F /* Debug */ = {
			isa = XCBuildConfiguration;
			buildSettings = {
				ALWAYS_SEARCH_USER_PATHS = NO;
				ASSETCATALOG_COMPILER_GENERATE_SWIFT_ASSET_SYMBOL_EXTENSIONS = YES;
				CLANG_ANALYZER_NONNULL = YES;
				CLANG_ANALYZER_NUMBER_OBJECT_CONVERSION = YES_AGGRESSIVE;
				CLANG_CXX_LANGUAGE_STANDARD = "gnu++20";
				CLANG_ENABLE_MODULES = YES;
				CLANG_ENABLE_OBJC_ARC = YES;
				CLANG_ENABLE_OBJC_WEAK = YES;
				CLANG_WARN_BLOCK_CAPTURE_AUTORELEASING = YES;
				CLANG_WARN_BOOL_CONVERSION = YES;
				CLANG_WARN_COMMA = YES;
				CLANG_WARN_CONSTANT_CONVERSION = YES;
				CLANG_WARN_DEPRECATED_OBJC_IMPLEMENTATIONS = YES;
				CLANG_WARN_DIRECT_OBJC_ISA_USAGE = YES_ERROR;
				CLANG_WARN_DOCUMENTATION_COMMENTS = YES;
				CLANG_WARN_EMPTY_BODY = YES;
				CLANG_WARN_ENUM_CONVERSION = YES;
				CLANG_WARN_INFINITE_RECURSION = YES;
				CLANG_WARN_INT_CONVERSION = YES;
				CLANG_WARN_NON_LITERAL_NULL_CONVERSION = YES;
				CLANG_WARN_OBJC_IMPLICIT_RETAIN_SELF = YES;
				CLANG_WARN_OBJC_LITERAL_CONVERSION = YES;
				CLANG_WARN_OBJC_ROOT_CLASS = YES_ERROR;
				CLANG_WARN_QUOTED_INCLUDE_IN_FRAMEWORK_HEADER = YES;
				CLANG_WARN_RANGE_LOOP_ANALYSIS = YES;
				CLANG_WARN_STRICT_PROTOTYPES = YES;
				CLANG_WARN_SUSPICIOUS_MOVE = YES;
				CLANG_WARN_UNGUARDED_AVAILABILITY = YES_AGGRESSIVE;
				CLANG_WARN_UNREACHABLE_CODE = YES;
				CLANG_WARN__DUPLICATE_METHOD_MATCH = YES;
				COPY_PHASE_STRIP = NO;
				DEBUG_INFORMATION_FORMAT = dwarf;
				ENABLE_STRICT_OBJC_MSGSEND = YES;
				ENABLE_TESTABILITY = YES;
				ENABLE_USER_SCRIPT_SANDBOXING = YES;
				GCC_C_LANGUAGE_STANDARD = gnu17;
				GCC_DYNAMIC_NO_PIC = NO;
				GCC_NO_COMMON_BLOCKS = YES;
				GCC_OPTIMIZATION_LEVEL = 0;
				GCC_PREPROCESSOR_DEFINITIONS = (
					"DEBUG=1",
					"$(inherited)",
				);
				GCC_WARN_64_TO_32_BIT_CONVERSION = YES;
				GCC_WARN_ABOUT_RETURN_TYPE = YES_ERROR;
				GCC_WARN_UNDECLARED_SELECTOR = YES;
				GCC_WARN_UNINITIALIZED_AUTOS = YES_AGGRESSIVE;
				GCC_WARN_UNUSED_FUNCTION = YES;
				GCC_WARN_UNUSED_VARIABLE = YES;
				IPHONEOS_DEPLOYMENT_TARGET = 17.2;
				LOCALIZATION_PREFERS_STRING_CATALOGS = YES;
				MTL_ENABLE_DEBUG_INFO = INCLUDE_SOURCE;
				MTL_FAST_MATH = YES;
				ONLY_ACTIVE_ARCH = YES;
				SDKROOT = iphoneos;
				SWIFT_ACTIVE_COMPILATION_CONDITIONS = "DEBUG $(inherited)";
				SWIFT_OPTIMIZATION_LEVEL = "-Onone";
			};
			name = Debug;
		};
		AAD3D5E62D1C911500A5A54F /* Release */ = {
			isa = XCBuildConfiguration;
			buildSettings = {
				ALWAYS_SEARCH_USER_PATHS = NO;
				ASSETCATALOG_COMPILER_GENERATE_SWIFT_ASSET_SYMBOL_EXTENSIONS = YES;
				CLANG_ANALYZER_NONNULL = YES;
				CLANG_ANALYZER_NUMBER_OBJECT_CONVERSION = YES_AGGRESSIVE;
				CLANG_CXX_LANGUAGE_STANDARD = "gnu++20";
				CLANG_ENABLE_MODULES = YES;
				CLANG_ENABLE_OBJC_ARC = YES;
				CLANG_ENABLE_OBJC_WEAK = YES;
				CLANG_WARN_BLOCK_CAPTURE_AUTORELEASING = YES;
				CLANG_WARN_BOOL_CONVERSION = YES;
				CLANG_WARN_COMMA = YES;
				CLANG_WARN_CONSTANT_CONVERSION = YES;
				CLANG_WARN_DEPRECATED_OBJC_IMPLEMENTATIONS = YES;
				CLANG_WARN_DIRECT_OBJC_ISA_USAGE = YES_ERROR;
				CLANG_WARN_DOCUMENTATION_COMMENTS = YES;
				CLANG_WARN_EMPTY_BODY = YES;
				CLANG_WARN_ENUM_CONVERSION = YES;
				CLANG_WARN_INFINITE_RECURSION = YES;
				CLANG_WARN_INT_CONVERSION = YES;
				CLANG_WARN_NON_LITERAL_NULL_CONVERSION = YES;
				CLANG_WARN_OBJC_IMPLICIT_RETAIN_SELF = YES;
				CLANG_WARN_OBJC_LITERAL_CONVERSION = YES;
				CLANG_WARN_OBJC_ROOT_CLASS = YES_ERROR;
				CLANG_WARN_QUOTED_INCLUDE_IN_FRAMEWORK_HEADER = YES;
				CLANG_WARN_RANGE_LOOP_ANALYSIS = YES;
				CLANG_WARN_STRICT_PROTOTYPES = YES;
				CLANG_WARN_SUSPICIOUS_MOVE = YES;
				CLANG_WARN_UNGUARDED_AVAILABILITY = YES_AGGRESSIVE;
				CLANG_WARN_UNREACHABLE_CODE = YES;
				CLANG_WARN__DUPLICATE_METHOD_MATCH = YES;
				COPY_PHASE_STRIP = NO;
				DEBUG_INFORMATION_FORMAT = "dwarf-with-dsym";
				ENABLE_NS_ASSERTIONS = NO;
				ENABLE_STRICT_OBJC_MSGSEND = YES;
				ENABLE_USER_SCRIPT_SANDBOXING = YES;
				GCC_C_LANGUAGE_STANDARD = gnu17;
				GCC_NO_COMMON_BLOCKS = YES;
				GCC_WARN_64_TO_32_BIT_CONVERSION = YES;
				GCC_WARN_ABOUT_RETURN_TYPE = YES_ERROR;
				GCC_WARN_UNDECLARED_SELECTOR = YES;
				GCC_WARN_UNINITIALIZED_AUTOS = YES_AGGRESSIVE;
				GCC_WARN_UNUSED_FUNCTION = YES;
				GCC_WARN_UNUSED_VARIABLE = YES;
				IPHONEOS_DEPLOYMENT_TARGET = 17.2;
				LOCALIZATION_PREFERS_STRING_CATALOGS = YES;
				MTL_ENABLE_DEBUG_INFO = NO;
				MTL_FAST_MATH = YES;
				SDKROOT = iphoneos;
				SWIFT_COMPILATION_MODE = wholemodule;
				VALIDATE_PRODUCT = YES;
			};
			name = Release;
		};
		AAD3D5E82D1C911500A5A54F /* Debug */ = {
			isa = XCBuildConfiguration;
			baseConfigurationReference = 04415603DFC9C052342A7C1F /* Pods-ConectStote POS.debug.xcconfig */;
			buildSettings = {
				ASSETCATALOG_COMPILER_APPICON_NAME = AppIcon;
				ASSETCATALOG_COMPILER_GLOBAL_ACCENT_COLOR_NAME = AccentColor;
				CODE_SIGN_STYLE = Automatic;
				CURRENT_PROJECT_VERSION = 1;
				ENABLE_USER_SCRIPT_SANDBOXING = NO;
				GENERATE_INFOPLIST_FILE = YES;
				INFOPLIST_FILE = "ConectStote POS/Info.plist";
				INFOPLIST_KEY_UIApplicationSupportsIndirectInputEvents = YES;
				INFOPLIST_KEY_UILaunchStoryboardName = LaunchScreen;
				INFOPLIST_KEY_UIMainStoryboardFile = Main;
				INFOPLIST_KEY_UISupportedInterfaceOrientations = "UIInterfaceOrientationPortrait UIInterfaceOrientationPortraitUpsideDown";
				INFOPLIST_KEY_UISupportedInterfaceOrientations_iPad = "UIInterfaceOrientationLandscapeLeft UIInterfaceOrientationLandscapeRight UIInterfaceOrientationPortrait UIInterfaceOrientationPortraitUpsideDown";
				IPHONEOS_DEPLOYMENT_TARGET = 13.0;
				LD_RUNPATH_SEARCH_PATHS = (
					"$(inherited)",
					"@executable_path/Frameworks",
				);
				MARKETING_VERSION = 1.0;
				PRODUCT_BUNDLE_IDENTIFIER = "com.ConectStote-POS.sm";
				PRODUCT_NAME = "$(TARGET_NAME)";
				SUPPORTED_PLATFORMS = "iphoneos iphonesimulator";
				SUPPORTS_MACCATALYST = NO;
				SUPPORTS_MAC_DESIGNED_FOR_IPHONE_IPAD = NO;
				SUPPORTS_XR_DESIGNED_FOR_IPHONE_IPAD = NO;
				SWIFT_EMIT_LOC_STRINGS = YES;
				SWIFT_VERSION = 5.0;
				TARGETED_DEVICE_FAMILY = 1;
			};
			name = Debug;
		};
		AAD3D5E92D1C911500A5A54F /* Release */ = {
			isa = XCBuildConfiguration;
			baseConfigurationReference = 616D8AB73E992743B49EE498 /* Pods-ConectStote POS.release.xcconfig */;
			buildSettings = {
				ASSETCATALOG_COMPILER_APPICON_NAME = AppIcon;
				ASSETCATALOG_COMPILER_GLOBAL_ACCENT_COLOR_NAME = AccentColor;
				CODE_SIGN_STYLE = Automatic;
				CURRENT_PROJECT_VERSION = 1;
				ENABLE_USER_SCRIPT_SANDBOXING = NO;
				GENERATE_INFOPLIST_FILE = YES;
				INFOPLIST_FILE = "ConectStote POS/Info.plist";
				INFOPLIST_KEY_UIApplicationSupportsIndirectInputEvents = YES;
				INFOPLIST_KEY_UILaunchStoryboardName = LaunchScreen;
				INFOPLIST_KEY_UIMainStoryboardFile = Main;
				INFOPLIST_KEY_UISupportedInterfaceOrientations = "UIInterfaceOrientationPortrait UIInterfaceOrientationPortraitUpsideDown";
				INFOPLIST_KEY_UISupportedInterfaceOrientations_iPad = "UIInterfaceOrientationLandscapeLeft UIInterfaceOrientationLandscapeRight UIInterfaceOrientationPortrait UIInterfaceOrientationPortraitUpsideDown";
				IPHONEOS_DEPLOYMENT_TARGET = 13.0;
				LD_RUNPATH_SEARCH_PATHS = (
					"$(inherited)",
					"@executable_path/Frameworks",
				);
				MARKETING_VERSION = 1.0;
				PRODUCT_BUNDLE_IDENTIFIER = "com.ConectStote-POS.sm";
				PRODUCT_NAME = "$(TARGET_NAME)";
				SUPPORTED_PLATFORMS = "iphoneos iphonesimulator";
				SUPPORTS_MACCATALYST = NO;
				SUPPORTS_MAC_DESIGNED_FOR_IPHONE_IPAD = NO;
				SUPPORTS_XR_DESIGNED_FOR_IPHONE_IPAD = NO;
				SWIFT_EMIT_LOC_STRINGS = YES;
				SWIFT_VERSION = 5.0;
				TARGETED_DEVICE_FAMILY = 1;
			};
			name = Release;
		};
/* End XCBuildConfiguration section */

/* Begin XCConfigurationList section */
		AAD3D5CE2D1C911300A5A54F /* Build configuration list for PBXProject "ConectStote POS" */ = {
			isa = XCConfigurationList;
			buildConfigurations = (
				AAD3D5E52D1C911500A5A54F /* Debug */,
				AAD3D5E62D1C911500A5A54F /* Release */,
			);
			defaultConfigurationIsVisible = 0;
			defaultConfigurationName = Release;
		};
		AAD3D5E72D1C911500A5A54F /* Build configuration list for PBXNativeTarget "ConectStote POS" */ = {
			isa = XCConfigurationList;
			buildConfigurations = (
				AAD3D5E82D1C911500A5A54F /* Debug */,
				AAD3D5E92D1C911500A5A54F /* Release */,
			);
			defaultConfigurationIsVisible = 0;
			defaultConfigurationName = Release;
		};
/* End XCConfigurationList section */
	};
	rootObject = AAD3D5CB2D1C911300A5A54F /* Project object */;
}
